// !$*UTF8*$!
{
	archiveVersion = 1;
	classes = {
	};
	objectVersion = 56;
	objects = {

/* Begin PBXBuildFile section */
		B66B93852B1EF0C200881705 /* AppDelegate.swift in Sources */ = {isa = PBXBuildFile; fileRef = B66B93842B1EF0C200881705 /* AppDelegate.swift */; };
		B66B93872B1EF0C200881705 /* SceneDelegate.swift in Sources */ = {isa = PBXBuildFile; fileRef = B66B93862B1EF0C200881705 /* SceneDelegate.swift */; };
		B66B93892B1EF0C200881705 /* ViewController.swift in Sources */ = {isa = PBXBuildFile; fileRef = B66B93882B1EF0C200881705 /* ViewController.swift */; };
		B66B938C2B1EF0C200881705 /* Main.storyboard in Resources */ = {isa = PBXBuildFile; fileRef = B66B938A2B1EF0C200881705 /* Main.storyboard */; };
		B66B938E2B1EF0C400881705 /* Assets.xcassets in Resources */ = {isa = PBXBuildFile; fileRef = B66B938D2B1EF0C400881705 /* Assets.xcassets */; };
		B66B93912B1EF0C400881705 /* LaunchScreen.storyboard in Resources */ = {isa = PBXBuildFile; fileRef = B66B938F2B1EF0C400881705 /* LaunchScreen.storyboard */; };
		B66B939C2B1EF0C500881705 /* AnasthesiaTests.swift in Sources */ = {isa = PBXBuildFile; fileRef = B66B939B2B1EF0C500881705 /* AnasthesiaTests.swift */; };
		B66B93A62B1EF0C500881705 /* AnasthesiaUITests.swift in Sources */ = {isa = PBXBuildFile; fileRef = B66B93A52B1EF0C500881705 /* AnasthesiaUITests.swift */; };
		B66B93A82B1EF0C500881705 /* AnasthesiaUITestsLaunchTests.swift in Sources */ = {isa = PBXBuildFile; fileRef = B66B93A72B1EF0C500881705 /* AnasthesiaUITestsLaunchTests.swift */; };
/* End PBXBuildFile section */

/* Begin PBXContainerItemProxy section */
		B66B93982B1EF0C500881705 /* PBXContainerItemProxy */ = {
			isa = PBXContainerItemProxy;
			containerPortal = B66B93792B1EF0C200881705 /* Project object */;
			proxyType = 1;
			remoteGlobalIDString = B66B93802B1EF0C200881705;
			remoteInfo = Anasthesia;
		};
		B66B93A22B1EF0C500881705 /* PBXContainerItemProxy */ = {
			isa = PBXContainerItemProxy;
			containerPortal = B66B93792B1EF0C200881705 /* Project object */;
			proxyType = 1;
			remoteGlobalIDString = B66B93802B1EF0C200881705;
			remoteInfo = Anasthesia;
		};
/* End PBXContainerItemProxy section */

/* Begin PBXFileReference section */
		B66B93812B1EF0C200881705 /* Anasthesia.app */ = {isa = PBXFileReference; explicitFileType = wrapper.application; includeInIndex = 0; path = Anasthesia.app; sourceTree = BUILT_PRODUCTS_DIR; };
		B66B93842B1EF0C200881705 /* AppDelegate.swift */ = {isa = PBXFileReference; lastKnownFileType = sourcecode.swift; path = AppDelegate.swift; sourceTree = "<group>"; };
		B66B93862B1EF0C200881705 /* SceneDelegate.swift */ = {isa = PBXFileReference; lastKnownFileType = sourcecode.swift; path = SceneDelegate.swift; sourceTree = "<group>"; };
		B66B93882B1EF0C200881705 /* ViewController.swift */ = {isa = PBXFileReference; lastKnownFileType = sourcecode.swift; path = ViewController.swift; sourceTree = "<group>"; };
		B66B938B2B1EF0C200881705 /* Base */ = {isa = PBXFileReference; lastKnownFileType = file.storyboard; name = Base; path = Base.lproj/Main.storyboard; sourceTree = "<group>"; };
		B66B938D2B1EF0C400881705 /* Assets.xcassets */ = {isa = PBXFileReference; lastKnownFileType = folder.assetcatalog; path = Assets.xcassets; sourceTree = "<group>"; };
		B66B93902B1EF0C400881705 /* Base */ = {isa = PBXFileReference; lastKnownFileType = file.storyboard; name = Base; path = Base.lproj/LaunchScreen.storyboard; sourceTree = "<group>"; };
		B66B93922B1EF0C400881705 /* Info.plist */ = {isa = PBXFileReference; lastKnownFileType = text.plist.xml; path = Info.plist; sourceTree = "<group>"; };
		B66B93972B1EF0C500881705 /* AnasthesiaTests.xctest */ = {isa = PBXFileReference; explicitFileType = wrapper.cfbundle; includeInIndex = 0; path = AnasthesiaTests.xctest; sourceTree = BUILT_PRODUCTS_DIR; };
		B66B939B2B1EF0C500881705 /* AnasthesiaTests.swift */ = {isa = PBXFileReference; lastKnownFileType = sourcecode.swift; path = AnasthesiaTests.swift; sourceTree = "<group>"; };
		B66B93A12B1EF0C500881705 /* AnasthesiaUITests.xctest */ = {isa = PBXFileReference; explicitFileType = wrapper.cfbundle; includeInIndex = 0; path = AnasthesiaUITests.xctest; sourceTree = BUILT_PRODUCTS_DIR; };
		B66B93A52B1EF0C500881705 /* AnasthesiaUITests.swift */ = {isa = PBXFileReference; lastKnownFileType = sourcecode.swift; path = AnasthesiaUITests.swift; sourceTree = "<group>"; };
		B66B93A72B1EF0C500881705 /* AnasthesiaUITestsLaunchTests.swift */ = {isa = PBXFileReference; lastKnownFileType = sourcecode.swift; path = AnasthesiaUITestsLaunchTests.swift; sourceTree = "<group>"; };
/* End PBXFileReference section */

/* Begin PBXFrameworksBuildPhase section */
		B66B937E2B1EF0C200881705 /* Frameworks */ = {
			isa = PBXFrameworksBuildPhase;
			buildActionMask = 2147483647;
			files = (
			);
			runOnlyForDeploymentPostprocessing = 0;
		};
		B66B93942B1EF0C500881705 /* Frameworks */ = {
			isa = PBXFrameworksBuildPhase;
			buildActionMask = 2147483647;
			files = (
			);
			runOnlyForDeploymentPostprocessing = 0;
		};
		B66B939E2B1EF0C500881705 /* Frameworks */ = {
			isa = PBXFrameworksBuildPhase;
			buildActionMask = 2147483647;
			files = (
			);
			runOnlyForDeploymentPostprocessing = 0;
		};
/* End PBXFrameworksBuildPhase section */

/* Begin PBXGroup section */
		B66B93782B1EF0C200881705 = {
			isa = PBXGroup;
			children = (
				B66B93832B1EF0C200881705 /* Anasthesia */,
				B66B939A2B1EF0C500881705 /* AnasthesiaTests */,
				B66B93A42B1EF0C500881705 /* AnasthesiaUITests */,
				B66B93822B1EF0C200881705 /* Products */,
			);
			sourceTree = "<group>";
		};
		B66B93822B1EF0C200881705 /* Products */ = {
			isa = PBXGroup;
			children = (
				B66B93812B1EF0C200881705 /* Anasthesia.app */,
				B66B93972B1EF0C500881705 /* AnasthesiaTests.xctest */,
				B66B93A12B1EF0C500881705 /* AnasthesiaUITests.xctest */,
			);
			name = Products;
			sourceTree = "<group>";
		};
		B66B93832B1EF0C200881705 /* Anasthesia */ = {
			isa = PBXGroup;
			children = (
				B66B93842B1EF0C200881705 /* AppDelegate.swift */,
				B66B93862B1EF0C200881705 /* SceneDelegate.swift */,
				B66B93882B1EF0C200881705 /* ViewController.swift */,
				B66B938A2B1EF0C200881705 /* Main.storyboard */,
				B66B938D2B1EF0C400881705 /* Assets.xcassets */,
				B66B938F2B1EF0C400881705 /* LaunchScreen.storyboard */,
				B66B93922B1EF0C400881705 /* Info.plist */,
			);
			path = Anasthesia;
			sourceTree = "<group>";
		};
		B66B939A2B1EF0C500881705 /* AnasthesiaTests */ = {
			isa = PBXGroup;
			children = (
				B66B939B2B1EF0C500881705 /* AnasthesiaTests.swift */,
			);
			path = AnasthesiaTests;
			sourceTree = "<group>";
		};
		B66B93A42B1EF0C500881705 /* AnasthesiaUITests */ = {
			isa = PBXGroup;
			children = (
				B66B93A52B1EF0C500881705 /* AnasthesiaUITests.swift */,
				B66B93A72B1EF0C500881705 /* AnasthesiaUITestsLaunchTests.swift */,
			);
			path = AnasthesiaUITests;
			sourceTree = "<group>";
		};
/* End PBXGroup section */

/* Begin PBXNativeTarget section */
		B66B93802B1EF0C200881705 /* Anasthesia */ = {
			isa = PBXNativeTarget;
			buildConfigurationList = B66B93AB2B1EF0C500881705 /* Build configuration list for PBXNativeTarget "Anasthesia" */;
			buildPhases = (
				B66B937D2B1EF0C200881705 /* Sources */,
				B66B937E2B1EF0C200881705 /* Frameworks */,
				B66B937F2B1EF0C200881705 /* Resources */,
			);
			buildRules = (
			);
			dependencies = (
			);
			name = Anasthesia;
			productName = Anasthesia;
			productReference = B66B93812B1EF0C200881705 /* Anasthesia.app */;
			productType = "com.apple.product-type.application";
		};
		B66B93962B1EF0C500881705 /* AnasthesiaTests */ = {
			isa = PBXNativeTarget;
			buildConfigurationList = B66B93AE2B1EF0C500881705 /* Build configuration list for PBXNativeTarget "AnasthesiaTests" */;
			buildPhases = (
				B66B93932B1EF0C500881705 /* Sources */,
				B66B93942B1EF0C500881705 /* Frameworks */,
				B66B93952B1EF0C500881705 /* Resources */,
			);
			buildRules = (
			);
			dependencies = (
				B66B93992B1EF0C500881705 /* PBXTargetDependency */,
			);
			name = AnasthesiaTests;
			productName = AnasthesiaTests;
			productReference = B66B93972B1EF0C500881705 /* AnasthesiaTests.xctest */;
			productType = "com.apple.product-type.bundle.unit-test";
		};
		B66B93A02B1EF0C500881705 /* AnasthesiaUITests */ = {
			isa = PBXNativeTarget;
			buildConfigurationList = B66B93B12B1EF0C500881705 /* Build configuration list for PBXNativeTarget "AnasthesiaUITests" */;
			buildPhases = (
				B66B939D2B1EF0C500881705 /* Sources */,
				B66B939E2B1EF0C500881705 /* Frameworks */,
				B66B939F2B1EF0C500881705 /* Resources */,
			);
			buildRules = (
			);
			dependencies = (
				B66B93A32B1EF0C500881705 /* PBXTargetDependency */,
			);
			name = AnasthesiaUITests;
			productName = AnasthesiaUITests;
			productReference = B66B93A12B1EF0C500881705 /* AnasthesiaUITests.xctest */;
			productType = "com.apple.product-type.bundle.ui-testing";
		};
/* End PBXNativeTarget section */

/* Begin PBXProject section */
		B66B93792B1EF0C200881705 /* Project object */ = {
			isa = PBXProject;
			attributes = {
				BuildIndependentTargetsInParallel = 1;
				LastSwiftUpdateCheck = 1420;
				LastUpgradeCheck = 1420;
				TargetAttributes = {
					B66B93802B1EF0C200881705 = {
						CreatedOnToolsVersion = 14.2;
					};
					B66B93962B1EF0C500881705 = {
						CreatedOnToolsVersion = 14.2;
						TestTargetID = B66B93802B1EF0C200881705;
					};
					B66B93A02B1EF0C500881705 = {
						CreatedOnToolsVersion = 14.2;
						TestTargetID = B66B93802B1EF0C200881705;
					};
				};
			};
			buildConfigurationList = B66B937C2B1EF0C200881705 /* Build configuration list for PBXProject "Anasthesia" */;
			compatibilityVersion = "Xcode 14.0";
			developmentRegion = en;
			hasScannedForEncodings = 0;
			knownRegions = (
				en,
				Base,
			);
			mainGroup = B66B93782B1EF0C200881705;
			productRefGroup = B66B93822B1EF0C200881705 /* Products */;
			projectDirPath = "";
			projectRoot = "";
			targets = (
				B66B93802B1EF0C200881705 /* Anasthesia */,
				B66B93962B1EF0C500881705 /* AnasthesiaTests */,
				B66B93A02B1EF0C500881705 /* AnasthesiaUITests */,
			);
		};
/* End PBXProject section */

/* Begin PBXResourcesBuildPhase section */
		B66B937F2B1EF0C200881705 /* Resources */ = {
			isa = PBXResourcesBuildPhase;
			buildActionMask = 2147483647;
			files = (
				B66B93912B1EF0C400881705 /* LaunchScreen.storyboard in Resources */,
				B66B938E2B1EF0C400881705 /* Assets.xcassets in Resources */,
				B66B938C2B1EF0C200881705 /* Main.storyboard in Resources */,
			);
			runOnlyForDeploymentPostprocessing = 0;
		};
		B66B93952B1EF0C500881705 /* Resources */ = {
			isa = PBXResourcesBuildPhase;
			buildActionMask = 2147483647;
			files = (
			);
			runOnlyForDeploymentPostprocessing = 0;
		};
		B66B939F2B1EF0C500881705 /* Resources */ = {
			isa = PBXResourcesBuildPhase;
			buildActionMask = 2147483647;
			files = (
			);
			runOnlyForDeploymentPostprocessing = 0;
		};
/* End PBXResourcesBuildPhase section */

/* Begin PBXSourcesBuildPhase section */
		B66B937D2B1EF0C200881705 /* Sources */ = {
			isa = PBXSourcesBuildPhase;
			buildActionMask = 2147483647;
			files = (
				B66B93892B1EF0C200881705 /* ViewController.swift in Sources */,
				B66B93852B1EF0C200881705 /* AppDelegate.swift in Sources */,
				B66B93872B1EF0C200881705 /* SceneDelegate.swift in Sources */,
			);
			runOnlyForDeploymentPostprocessing = 0;
		};
		B66B93932B1EF0C500881705 /* Sources */ = {
			isa = PBXSourcesBuildPhase;
			buildActionMask = 2147483647;
			files = (
				B66B939C2B1EF0C500881705 /* AnasthesiaTests.swift in Sources */,
			);
			runOnlyForDeploymentPostprocessing = 0;
		};
		B66B939D2B1EF0C500881705 /* Sources */ = {
			isa = PBXSourcesBuildPhase;
			buildActionMask = 2147483647;
			files = (
				B66B93A62B1EF0C500881705 /* AnasthesiaUITests.swift in Sources */,
				B66B93A82B1EF0C500881705 /* AnasthesiaUITestsLaunchTests.swift in Sources */,
			);
			runOnlyForDeploymentPostprocessing = 0;
		};
/* End PBXSourcesBuildPhase section */

/* Begin PBXTargetDependency section */
		B66B93992B1EF0C500881705 /* PBXTargetDependency */ = {
			isa = PBXTargetDependency;
			target = B66B93802B1EF0C200881705 /* Anasthesia */;
			targetProxy = B66B93982B1EF0C500881705 /* PBXContainerItemProxy */;
		};
		B66B93A32B1EF0C500881705 /* PBXTargetDependency */ = {
			isa = PBXTargetDependency;
			target = B66B93802B1EF0C200881705 /* Anasthesia */;
			targetProxy = B66B93A22B1EF0C500881705 /* PBXContainerItemProxy */;
		};
/* End PBXTargetDependency section */

/* Begin PBXVariantGroup section */
		B66B938A2B1EF0C200881705 /* Main.storyboard */ = {
			isa = PBXVariantGroup;
			children = (
				B66B938B2B1EF0C200881705 /* Base */,
			);
			name = Main.storyboard;
			sourceTree = "<group>";
		};
		B66B938F2B1EF0C400881705 /* LaunchScreen.storyboard */ = {
			isa = PBXVariantGroup;
			children = (
				B66B93902B1EF0C400881705 /* Base */,
			);
			name = LaunchScreen.storyboard;
			sourceTree = "<group>";
		};
/* End PBXVariantGroup section */

/* Begin XCBuildConfiguration section */
		B66B93A92B1EF0C500881705 /* Debug */ = {
			isa = XCBuildConfiguration;
			buildSettings = {
				ALWAYS_SEARCH_USER_PATHS = NO;
				CLANG_ANALYZER_NONNULL = YES;
				CLANG_ANALYZER_NUMBER_OBJECT_CONVERSION = YES_AGGRESSIVE;
				CLANG_CXX_LANGUAGE_STANDARD = "gnu++20";
				CLANG_ENABLE_MODULES = YES;
				CLANG_ENABLE_OBJC_ARC = YES;
				CLANG_ENABLE_OBJC_WEAK = YES;
				CLANG_WARN_BLOCK_CAPTURE_AUTORELEASING = YES;
				CLANG_WARN_BOOL_CONVERSION = YES;
				CLANG_WARN_COMMA = YES;
				CLANG_WARN_CONSTANT_CONVERSION = YES;
				CLANG_WARN_DEPRECATED_OBJC_IMPLEMENTATIONS = YES;
				CLANG_WARN_DIRECT_OBJC_ISA_USAGE = YES_ERROR;
				CLANG_WARN_DOCUMENTATION_COMMENTS = YES;
				CLANG_WARN_EMPTY_BODY = YES;
				CLANG_WARN_ENUM_CONVERSION = YES;
				CLANG_WARN_INFINITE_RECURSION = YES;
				CLANG_WARN_INT_CONVERSION = YES;
				CLANG_WARN_NON_LITERAL_NULL_CONVERSION = YES;
				CLANG_WARN_OBJC_IMPLICIT_RETAIN_SELF = YES;
				CLANG_WARN_OBJC_LITERAL_CONVERSION = YES;
				CLANG_WARN_OBJC_ROOT_CLASS = YES_ERROR;
				CLANG_WARN_QUOTED_INCLUDE_IN_FRAMEWORK_HEADER = YES;
				CLANG_WARN_RANGE_LOOP_ANALYSIS = YES;
				CLANG_WARN_STRICT_PROTOTYPES = YES;
				CLANG_WARN_SUSPICIOUS_MOVE = YES;
				CLANG_WARN_UNGUARDED_AVAILABILITY = YES_AGGRESSIVE;
				CLANG_WARN_UNREACHABLE_CODE = YES;
				CLANG_WARN__DUPLICATE_METHOD_MATCH = YES;
				COPY_PHASE_STRIP = NO;
				DEBUG_INFORMATION_FORMAT = dwarf;
				ENABLE_STRICT_OBJC_MSGSEND = YES;
				ENABLE_TESTABILITY = YES;
				GCC_C_LANGUAGE_STANDARD = gnu11;
				GCC_DYNAMIC_NO_PIC = NO;
				GCC_NO_COMMON_BLOCKS = YES;
				GCC_OPTIMIZATION_LEVEL = 0;
				GCC_PREPROCESSOR_DEFINITIONS = (
					"DEBUG=1",
					"$(inherited)",
				);
				GCC_WARN_64_TO_32_BIT_CONVERSION = YES;
				GCC_WARN_ABOUT_RETURN_TYPE = YES_ERROR;
				GCC_WARN_UNDECLARED_SELECTOR = YES;
				GCC_WARN_UNINITIALIZED_AUTOS = YES_AGGRESSIVE;
				GCC_WARN_UNUSED_FUNCTION = YES;
				GCC_WARN_UNUSED_VARIABLE = YES;
				IPHONEOS_DEPLOYMENT_TARGET = 16.2;
				MTL_ENABLE_DEBUG_INFO = INCLUDE_SOURCE;
				MTL_FAST_MATH = YES;
				ONLY_ACTIVE_ARCH = YES;
				SDKROOT = iphoneos;
				SWIFT_ACTIVE_COMPILATION_CONDITIONS = DEBUG;
				SWIFT_OPTIMIZATION_LEVEL = "-Onone";
			};
			name = Debug;
		};
		B66B93AA2B1EF0C500881705 /* Release */ = {
			isa = XCBuildConfiguration;
			buildSettings = {
				ALWAYS_SEARCH_USER_PATHS = NO;
				CLANG_ANALYZER_NONNULL = YES;
				CLANG_ANALYZER_NUMBER_OBJECT_CONVERSION = YES_AGGRESSIVE;
				CLANG_CXX_LANGUAGE_STANDARD = "gnu++20";
				CLANG_ENABLE_MODULES = YES;
				CLANG_ENABLE_OBJC_ARC = YES;
				CLANG_ENABLE_OBJC_WEAK = YES;
				CLANG_WARN_BLOCK_CAPTURE_AUTORELEASING = YES;
				CLANG_WARN_BOOL_CONVERSION = YES;
				CLANG_WARN_COMMA = YES;
				CLANG_WARN_CONSTANT_CONVERSION = YES;
				CLANG_WARN_DEPRECATED_OBJC_IMPLEMENTATIONS = YES;
				CLANG_WARN_DIRECT_OBJC_ISA_USAGE = YES_ERROR;
				CLANG_WARN_DOCUMENTATION_COMMENTS = YES;
				CLANG_WARN_EMPTY_BODY = YES;
				CLANG_WARN_ENUM_CONVERSION = YES;
				CLANG_WARN_INFINITE_RECURSION = YES;
				CLANG_WARN_INT_CONVERSION = YES;
				CLANG_WARN_NON_LITERAL_NULL_CONVERSION = YES;
				CLANG_WARN_OBJC_IMPLICIT_RETAIN_SELF = YES;
				CLANG_WARN_OBJC_LITERAL_CONVERSION = YES;
				CLANG_WARN_OBJC_ROOT_CLASS = YES_ERROR;
				CLANG_WARN_QUOTED_INCLUDE_IN_FRAMEWORK_HEADER = YES;
				CLANG_WARN_RANGE_LOOP_ANALYSIS = YES;
				CLANG_WARN_STRICT_PROTOTYPES = YES;
				CLANG_WARN_SUSPICIOUS_MOVE = YES;
				CLANG_WARN_UNGUARDED_AVAILABILITY = YES_AGGRESSIVE;
				CLANG_WARN_UNREACHABLE_CODE = YES;
				CLANG_WARN__DUPLICATE_METHOD_MATCH = YES;
				COPY_PHASE_STRIP = NO;
				DEBUG_INFORMATION_FORMAT = "dwarf-with-dsym";
				ENABLE_NS_ASSERTIONS = NO;
				ENABLE_STRICT_OBJC_MSGSEND = YES;
				GCC_C_LANGUAGE_STANDARD = gnu11;
				GCC_NO_COMMON_BLOCKS = YES;
				GCC_WARN_64_TO_32_BIT_CONVERSION = YES;
				GCC_WARN_ABOUT_RETURN_TYPE = YES_ERROR;
				GCC_WARN_UNDECLARED_SELECTOR = YES;
				GCC_WARN_UNINITIALIZED_AUTOS = YES_AGGRESSIVE;
				GCC_WARN_UNUSED_FUNCTION = YES;
				GCC_WARN_UNUSED_VARIABLE = YES;
				IPHONEOS_DEPLOYMENT_TARGET = 16.2;
				MTL_ENABLE_DEBUG_INFO = NO;
				MTL_FAST_MATH = YES;
				SDKROOT = iphoneos;
				SWIFT_COMPILATION_MODE = wholemodule;
				SWIFT_OPTIMIZATION_LEVEL = "-O";
				VALIDATE_PRODUCT = YES;
			};
			name = Release;
		};
		B66B93AC2B1EF0C500881705 /* Debug */ = {
			isa = XCBuildConfiguration;
			buildSettings = {
				ASSETCATALOG_COMPILER_APPICON_NAME = AppIcon;
				ASSETCATALOG_COMPILER_GLOBAL_ACCENT_COLOR_NAME = AccentColor;
				CODE_SIGN_STYLE = Automatic;
				CURRENT_PROJECT_VERSION = 1;
				DEVELOPMENT_TEAM = 33P3VUARHV;
				GENERATE_INFOPLIST_FILE = YES;
				INFOPLIST_FILE = Anasthesia/Info.plist;
				INFOPLIST_KEY_UIApplicationSupportsIndirectInputEvents = YES;
				INFOPLIST_KEY_UILaunchStoryboardName = LaunchScreen;
				INFOPLIST_KEY_UIMainStoryboardFile = Main;
				INFOPLIST_KEY_UISupportedInterfaceOrientations_iPad = "UIInterfaceOrientationPortrait UIInterfaceOrientationPortraitUpsideDown UIInterfaceOrientationLandscapeLeft UIInterfaceOrientationLandscapeRight";
				INFOPLIST_KEY_UISupportedInterfaceOrientations_iPhone = "UIInterfaceOrientationPortrait UIInterfaceOrientationLandscapeLeft UIInterfaceOrientationLandscapeRight";
				LD_RUNPATH_SEARCH_PATHS = (
					"$(inherited)",
					"@executable_path/Frameworks",
				);
				MARKETING_VERSION = 1.0;
				PRODUCT_BUNDLE_IDENTIFIER = test.Anasthesia;
				PRODUCT_NAME = "$(TARGET_NAME)";
				SWIFT_EMIT_LOC_STRINGS = YES;
				SWIFT_VERSION = 5.0;
				TARGETED_DEVICE_FAMILY = "1,2";
			};
			name = Debug;
		};
		B66B93AD2B1EF0C500881705 /* Release */ = {
			isa = XCBuildConfiguration;
			buildSettings = {
				ASSETCATALOG_COMPILER_APPICON_NAME = AppIcon;
				ASSETCATALOG_COMPILER_GLOBAL_ACCENT_COLOR_NAME = AccentColor;
				CODE_SIGN_STYLE = Automatic;
				CURRENT_PROJECT_VERSION = 1;
				DEVELOPMENT_TEAM = 33P3VUARHV;
				GENERATE_INFOPLIST_FILE = YES;
				INFOPLIST_FILE = Anasthesia/Info.plist;
				INFOPLIST_KEY_UIApplicationSupportsIndirectInputEvents = YES;
				INFOPLIST_KEY_UILaunchStoryboardName = LaunchScreen;
				INFOPLIST_KEY_UIMainStoryboardFile = Main;
				INFOPLIST_KEY_UISupportedInterfaceOrientations_iPad = "UIInterfaceOrientationPortrait UIInterfaceOrientationPortraitUpsideDown UIInterfaceOrientationLandscapeLeft UIInterfaceOrientationLandscapeRight";
				INFOPLIST_KEY_UISupportedInterfaceOrientations_iPhone = "UIInterfaceOrientationPortrait UIInterfaceOrientationLandscapeLeft UIInterfaceOrientationLandscapeRight";
				LD_RUNPATH_SEARCH_PATHS = (
					"$(inherited)",
					"@executable_path/Frameworks",
				);
				MARKETING_VERSION = 1.0;
				PRODUCT_BUNDLE_IDENTIFIER = test.Anasthesia;
				PRODUCT_NAME = "$(TARGET_NAME)";
				SWIFT_EMIT_LOC_STRINGS = YES;
				SWIFT_VERSION = 5.0;
				TARGETED_DEVICE_FAMILY = "1,2";
			};
			name = Release;
		};
		B66B93AF2B1EF0C500881705 /* Debug */ = {
			isa = XCBuildConfiguration;
			buildSettings = {
				ALWAYS_EMBED_SWIFT_STANDARD_LIBRARIES = YES;
				BUNDLE_LOADER = "$(TEST_HOST)";
				CODE_SIGN_STYLE = Automatic;
				CURRENT_PROJECT_VERSION = 1;
				DEVELOPMENT_TEAM = 33P3VUARHV;
				GENERATE_INFOPLIST_FILE = YES;
				IPHONEOS_DEPLOYMENT_TARGET = 16.2;
				MARKETING_VERSION = 1.0;
				PRODUCT_BUNDLE_IDENTIFIER = test.AnasthesiaTests;
				PRODUCT_NAME = "$(TARGET_NAME)";
				SWIFT_EMIT_LOC_STRINGS = NO;
				SWIFT_VERSION = 5.0;
				TARGETED_DEVICE_FAMILY = "1,2";
				TEST_HOST = "$(BUILT_PRODUCTS_DIR)/Anasthesia.app/$(BUNDLE_EXECUTABLE_FOLDER_PATH)/Anasthesia";
			};
			name = Debug;
		};
		B66B93B02B1EF0C500881705 /* Release */ = {
			isa = XCBuildConfiguration;
			buildSettings = {
				ALWAYS_EMBED_SWIFT_STANDARD_LIBRARIES = YES;
				BUNDLE_LOADER = "$(TEST_HOST)";
				CODE_SIGN_STYLE = Automatic;
				CURRENT_PROJECT_VERSION = 1;
				DEVELOPMENT_TEAM = 33P3VUARHV;
				GENERATE_INFOPLIST_FILE = YES;
				IPHONEOS_DEPLOYMENT_TARGET = 16.2;
				MARKETING_VERSION = 1.0;
				PRODUCT_BUNDLE_IDENTIFIER = test.AnasthesiaTests;
				PRODUCT_NAME = "$(TARGET_NAME)";
				SWIFT_EMIT_LOC_STRINGS = NO;
				SWIFT_VERSION = 5.0;
				TARGETED_DEVICE_FAMILY = "1,2";
				TEST_HOST = "$(BUILT_PRODUCTS_DIR)/Anasthesia.app/$(BUNDLE_EXECUTABLE_FOLDER_PATH)/Anasthesia";
			};
			name = Release;
		};
		B66B93B22B1EF0C500881705 /* Debug */ = {
			isa = XCBuildConfiguration;
			buildSettings = {
				ALWAYS_EMBED_SWIFT_STANDARD_LIBRARIES = YES;
				CODE_SIGN_STYLE = Automatic;
				CURRENT_PROJECT_VERSION = 1;
				DEVELOPMENT_TEAM = 33P3VUARHV;
				GENERATE_INFOPLIST_FILE = YES;
				MARKETING_VERSION = 1.0;
				PRODUCT_BUNDLE_IDENTIFIER = test.AnasthesiaUITests;
				PRODUCT_NAME = "$(TARGET_NAME)";
				SWIFT_EMIT_LOC_STRINGS = NO;
				SWIFT_VERSION = 5.0;
				TARGETED_DEVICE_FAMILY = "1,2";
				TEST_TARGET_NAME = Anasthesia;
			};
			name = Debug;
		};
		B66B93B32B1EF0C500881705 /* Release */ = {
			isa = XCBuildConfiguration;
			buildSettings = {
				ALWAYS_EMBED_SWIFT_STANDARD_LIBRARIES = YES;
				CODE_SIGN_STYLE = Automatic;
				CURRENT_PROJECT_VERSION = 1;
				DEVELOPMENT_TEAM = 33P3VUARHV;
				GENERATE_INFOPLIST_FILE = YES;
				MARKETING_VERSION = 1.0;
				PRODUCT_BUNDLE_IDENTIFIER = test.AnasthesiaUITests;
				PRODUCT_NAME = "$(TARGET_NAME)";
				SWIFT_EMIT_LOC_STRINGS = NO;
				SWIFT_VERSION = 5.0;
				TARGETED_DEVICE_FAMILY = "1,2";
				TEST_TARGET_NAME = Anasthesia;
			};
			name = Release;
		};
/* End XCBuildConfiguration section */

/* Begin XCConfigurationList section */
		B66B937C2B1EF0C200881705 /* Build configuration list for PBXProject "Anasthesia" */ = {
			isa = XCConfigurationList;
			buildConfigurations = (
				B66B93A92B1EF0C500881705 /* Debug */,
				B66B93AA2B1EF0C500881705 /* Release */,
			);
			defaultConfigurationIsVisible = 0;
			defaultConfigurationName = Release;
		};
		B66B93AB2B1EF0C500881705 /* Build configuration list for PBXNativeTarget "Anasthesia" */ = {
			isa = XCConfigurationList;
			buildConfigurations = (
				B66B93AC2B1EF0C500881705 /* Debug */,
				B66B93AD2B1EF0C500881705 /* Release */,
			);
			defaultConfigurationIsVisible = 0;
			defaultConfigurationName = Release;
		};
		B66B93AE2B1EF0C500881705 /* Build configuration list for PBXNativeTarget "AnasthesiaTests" */ = {
			isa = XCConfigurationList;
			buildConfigurations = (
				B66B93AF2B1EF0C500881705 /* Debug */,
				B66B93B02B1EF0C500881705 /* Release */,
			);
			defaultConfigurationIsVisible = 0;
			defaultConfigurationName = Release;
		};
		B66B93B12B1EF0C500881705 /* Build configuration list for PBXNativeTarget "AnasthesiaUITests" */ = {
			isa = XCConfigurationList;
			buildConfigurations = (
				B66B93B22B1EF0C500881705 /* Debug */,
				B66B93B32B1EF0C500881705 /* Release */,
			);
			defaultConfigurationIsVisible = 0;
			defaultConfigurationName = Release;
		};
/* End XCConfigurationList section */
	};
	rootObject = B66B93792B1EF0C200881705 /* Project object */;
}
